# This file is automatically generated by cargo-component.
# It is not intended for manual editing.
version = 1

[[package]]
name = "mrnerdhair:isolated-crypto"

[[package.version]]
requirement = "^0.14.0"
version = "0.14.0"
digest = "sha256:f468a8702e9893097daded3000c590845570d8dab845dda6b06108c0d3b09fff"
