# This file is automatically generated by cargo-component.
# It is not intended for manual editing.
version = 1

[[package]]
name = "mrnerdhair:isolated-crypto-demo"

[[package.version]]
requirement = "^0.14.0"
version = "0.14.0"
digest = "sha256:275ea41dfc07c57d3b95182c5c2b53c4c6a76315ef7411cb8d98798456788d5b"
