# This file is automatically generated.
# It is not intended for manual editing.
version = 1

[[packages]]
name = "lay3r:avs"
registry = "wa.dev"

[[packages.versions]]
requirement = "=0.3.0"
version = "0.3.0"
digest = "sha256:891753e8eab23c067ef8095359c28e4296a65faf416103e797f468dcb5f6b4a5"

[[packages]]
name = "mrnerdhair:isolated-crypto"
registry = "wa.dev"

[[packages.versions]]
requirement = "=0.14.0"
version = "0.14.0"
digest = "sha256:f468a8702e9893097daded3000c590845570d8dab845dda6b06108c0d3b09fff"
